
Microsoft Visual Studio Solution File, Format Version 12.00
# Visual Studio Version 16
VisualStudioVersion = 16.0.810.25
MinimumVisualStudioVersion = 10.0.40219.1
Project("{FAE04EC0-301F-11D3-BF4B-00C04F79EFBC}") = "ProjectX-Bff", "ProjectX-Bff\ProjectX-Bff.csproj", "{3C1DB04E-B889-4E2A-A995-4B2FB7FE4B41}"
EndProject
Project("{FAE04EC0-301F-11D3-BF4B-00C04F79EFBC}") = "ProjectXBff.Resolver", "ProjectXBff.Resolver\ProjectXBff.Resolver.csproj", "{F72E3514-8B35-4F22-9C61-558DC68CBC82}"
EndProject
Global
	GlobalSection(SolutionConfigurationPlatforms) = preSolution
		Debug|Any CPU = Debug|Any CPU
		Release|Any CPU = Release|Any CPU
	EndGlobalSection
	GlobalSection(ProjectConfigurationPlatforms) = postSolution
		{3C1DB04E-B889-4E2A-A995-4B2FB7FE4B41}.Debug|Any CPU.ActiveCfg = Debug|Any CPU
		{3C1DB04E-B889-4E2A-A995-4B2FB7FE4B41}.Debug|Any CPU.Build.0 = Debug|Any CPU
		{3C1DB04E-B889-4E2A-A995-4B2FB7FE4B41}.Release|Any CPU.ActiveCfg = Release|Any CPU
		{3C1DB04E-B889-4E2A-A995-4B2FB7FE4B41}.Release|Any CPU.Build.0 = Release|Any CPU
		{F72E3514-8B35-4F22-9C61-558DC68CBC82}.Debug|Any CPU.ActiveCfg = Debug|Any CPU
		{F72E3514-8B35-4F22-9C61-558DC68CBC82}.Debug|Any CPU.Build.0 = Debug|Any CPU
		{F72E3514-8B35-4F22-9C61-558DC68CBC82}.Release|Any CPU.ActiveCfg = Release|Any CPU
		{F72E3514-8B35-4F22-9C61-558DC68CBC82}.Release|Any CPU.Build.0 = Release|Any CPU
	EndGlobalSection
	GlobalSection(SolutionProperties) = preSolution
		HideSolutionNode = FALSE
	EndGlobalSection
	GlobalSection(ExtensibilityGlobals) = postSolution
		SolutionGuid = {B720DA62-0B91-4BD8-8787-0DC5DB36BB31}
	EndGlobalSection
EndGlobal
